// !$*UTF8*$!
{
	archiveVersion = 1;
	classes = {
	};
	objectVersion = 46;
	objects = {

/* Begin PBXBuildFile section */
		A500CED37D06B22485C639FD /* Pods_SocialApp.framework in Frameworks */ = {isa = PBXBuildFile; fileRef = 270FE37668E5F3A9B5ADA997 /* Pods_SocialApp.framework */; };
		DB3F22891F3260DE00E26387 /* AppDelegate.swift in Sources */ = {isa = PBXBuildFile; fileRef = DB3F22881F3260DE00E26387 /* AppDelegate.swift */; };
		DB3F228B1F3260DE00E26387 /* SignInViewController.swift in Sources */ = {isa = PBXBuildFile; fileRef = DB3F228A1F3260DE00E26387 /* SignInViewController.swift */; };
		DB3F228E1F3260DE00E26387 /* Main.storyboard in Resources */ = {isa = PBXBuildFile; fileRef = DB3F228C1F3260DE00E26387 /* Main.storyboard */; };
		DB3F22901F3260DE00E26387 /* Assets.xcassets in Resources */ = {isa = PBXBuildFile; fileRef = DB3F228F1F3260DE00E26387 /* Assets.xcassets */; };
		DB3F22931F3260DE00E26387 /* LaunchScreen.storyboard in Resources */ = {isa = PBXBuildFile; fileRef = DB3F22911F3260DE00E26387 /* LaunchScreen.storyboard */; };
		DB3F22A01F3281A400E26387 /* ViewManager.swift in Sources */ = {isa = PBXBuildFile; fileRef = DB3F229F1F3281A400E26387 /* ViewManager.swift */; };
		DB3F22A21F32838400E26387 /* Constants.swift in Sources */ = {isa = PBXBuildFile; fileRef = DB3F22A11F32838400E26387 /* Constants.swift */; };
		DB3F22A41F329AE900E26387 /* ButtonManager.swift in Sources */ = {isa = PBXBuildFile; fileRef = DB3F22A31F329AE900E26387 /* ButtonManager.swift */; };
		DB3F22A61F329E2B00E26387 /* TextFieldManager.swift in Sources */ = {isa = PBXBuildFile; fileRef = DB3F22A51F329E2B00E26387 /* TextFieldManager.swift */; };
		DB3F22AC1F32CCC100E26387 /* GoogleService-Info.plist in Resources */ = {isa = PBXBuildFile; fileRef = DB3F22AB1F32CCC100E26387 /* GoogleService-Info.plist */; };
		DB3F22AE1F33E0E300E26387 /* FeedViewController.swift in Sources */ = {isa = PBXBuildFile; fileRef = DB3F22AD1F33E0E300E26387 /* FeedViewController.swift */; };
		DB3F22B01F33F78600E26387 /* ImageManager.swift in Sources */ = {isa = PBXBuildFile; fileRef = DB3F22AF1F33F78600E26387 /* ImageManager.swift */; };
/* End PBXBuildFile section */

/* Begin PBXFileReference section */
		223818E3FB42C068ACBC7717 /* Pods-SocialApp.release.xcconfig */ = {isa = PBXFileReference; includeInIndex = 1; lastKnownFileType = text.xcconfig; name = "Pods-SocialApp.release.xcconfig"; path = "Pods/Target Support Files/Pods-SocialApp/Pods-SocialApp.release.xcconfig"; sourceTree = "<group>"; };
		270FE37668E5F3A9B5ADA997 /* Pods_SocialApp.framework */ = {isa = PBXFileReference; explicitFileType = wrapper.framework; includeInIndex = 0; path = Pods_SocialApp.framework; sourceTree = BUILT_PRODUCTS_DIR; };
		87DD55ED37EAE7A7B3059667 /* Pods-SocialApp.debug.xcconfig */ = {isa = PBXFileReference; includeInIndex = 1; lastKnownFileType = text.xcconfig; name = "Pods-SocialApp.debug.xcconfig"; path = "Pods/Target Support Files/Pods-SocialApp/Pods-SocialApp.debug.xcconfig"; sourceTree = "<group>"; };
		DB3F22851F3260DE00E26387 /* SocialApp.app */ = {isa = PBXFileReference; explicitFileType = wrapper.application; includeInIndex = 0; path = SocialApp.app; sourceTree = BUILT_PRODUCTS_DIR; };
		DB3F22881F3260DE00E26387 /* AppDelegate.swift */ = {isa = PBXFileReference; lastKnownFileType = sourcecode.swift; path = AppDelegate.swift; sourceTree = "<group>"; };
		DB3F228A1F3260DE00E26387 /* SignInViewController.swift */ = {isa = PBXFileReference; lastKnownFileType = sourcecode.swift; path = SignInViewController.swift; sourceTree = "<group>"; };
		DB3F228D1F3260DE00E26387 /* Base */ = {isa = PBXFileReference; lastKnownFileType = file.storyboard; name = Base; path = Base.lproj/Main.storyboard; sourceTree = "<group>"; };
		DB3F228F1F3260DE00E26387 /* Assets.xcassets */ = {isa = PBXFileReference; lastKnownFileType = folder.assetcatalog; path = Assets.xcassets; sourceTree = "<group>"; };
		DB3F22921F3260DE00E26387 /* Base */ = {isa = PBXFileReference; lastKnownFileType = file.storyboard; name = Base; path = Base.lproj/LaunchScreen.storyboard; sourceTree = "<group>"; };
		DB3F22941F3260DE00E26387 /* Info.plist */ = {isa = PBXFileReference; lastKnownFileType = text.plist.xml; path = Info.plist; sourceTree = "<group>"; };
		DB3F229F1F3281A400E26387 /* ViewManager.swift */ = {isa = PBXFileReference; fileEncoding = 4; lastKnownFileType = sourcecode.swift; path = ViewManager.swift; sourceTree = "<group>"; };
		DB3F22A11F32838400E26387 /* Constants.swift */ = {isa = PBXFileReference; fileEncoding = 4; lastKnownFileType = sourcecode.swift; path = Constants.swift; sourceTree = "<group>"; };
		DB3F22A31F329AE900E26387 /* ButtonManager.swift */ = {isa = PBXFileReference; fileEncoding = 4; lastKnownFileType = sourcecode.swift; path = ButtonManager.swift; sourceTree = "<group>"; };
		DB3F22A51F329E2B00E26387 /* TextFieldManager.swift */ = {isa = PBXFileReference; fileEncoding = 4; lastKnownFileType = sourcecode.swift; path = TextFieldManager.swift; sourceTree = "<group>"; };
		DB3F22AB1F32CCC100E26387 /* GoogleService-Info.plist */ = {isa = PBXFileReference; fileEncoding = 4; lastKnownFileType = text.plist.xml; path = "GoogleService-Info.plist"; sourceTree = "<group>"; };
		DB3F22AD1F33E0E300E26387 /* FeedViewController.swift */ = {isa = PBXFileReference; fileEncoding = 4; lastKnownFileType = sourcecode.swift; path = FeedViewController.swift; sourceTree = "<group>"; };
		DB3F22AF1F33F78600E26387 /* ImageManager.swift */ = {isa = PBXFileReference; fileEncoding = 4; lastKnownFileType = sourcecode.swift; path = ImageManager.swift; sourceTree = "<group>"; };
/* End PBXFileReference section */

/* Begin PBXFrameworksBuildPhase section */
		DB3F22821F3260DE00E26387 /* Frameworks */ = {
			isa = PBXFrameworksBuildPhase;
			buildActionMask = 2147483647;
			files = (
				A500CED37D06B22485C639FD /* Pods_SocialApp.framework in Frameworks */,
			);
			runOnlyForDeploymentPostprocessing = 0;
		};
/* End PBXFrameworksBuildPhase section */

/* Begin PBXGroup section */
		73C1657EA157FEDA9FBC0CAF /* Frameworks */ = {
			isa = PBXGroup;
			children = (
				270FE37668E5F3A9B5ADA997 /* Pods_SocialApp.framework */,
			);
			name = Frameworks;
			sourceTree = "<group>";
		};
		8A9064E50635721239795E65 /* Pods */ = {
			isa = PBXGroup;
			children = (
				87DD55ED37EAE7A7B3059667 /* Pods-SocialApp.debug.xcconfig */,
				223818E3FB42C068ACBC7717 /* Pods-SocialApp.release.xcconfig */,
			);
			name = Pods;
			sourceTree = "<group>";
		};
		DB3F227C1F3260DE00E26387 = {
			isa = PBXGroup;
			children = (
				DB3F22871F3260DE00E26387 /* SocialApp */,
				DB3F22861F3260DE00E26387 /* Products */,
				8A9064E50635721239795E65 /* Pods */,
				73C1657EA157FEDA9FBC0CAF /* Frameworks */,
			);
			sourceTree = "<group>";
		};
		DB3F22861F3260DE00E26387 /* Products */ = {
			isa = PBXGroup;
			children = (
				DB3F22851F3260DE00E26387 /* SocialApp.app */,
			);
			name = Products;
			sourceTree = "<group>";
		};
		DB3F22871F3260DE00E26387 /* SocialApp */ = {
			isa = PBXGroup;
			children = (
				DB3F229E1F3262F500E26387 /* Model */,
				DB3F229D1F3262EE00E26387 /* View */,
				DB3F229C1F3262BF00E26387 /* Controller */,
				DB3F22881F3260DE00E26387 /* AppDelegate.swift */,
				DB3F228C1F3260DE00E26387 /* Main.storyboard */,
				DB3F228F1F3260DE00E26387 /* Assets.xcassets */,
				DB3F22911F3260DE00E26387 /* LaunchScreen.storyboard */,
				DB3F22941F3260DE00E26387 /* Info.plist */,
				DB3F22AB1F32CCC100E26387 /* GoogleService-Info.plist */,
			);
			path = SocialApp;
			sourceTree = "<group>";
		};
		DB3F229C1F3262BF00E26387 /* Controller */ = {
			isa = PBXGroup;
			children = (
				DB3F228A1F3260DE00E26387 /* SignInViewController.swift */,
				DB3F22AD1F33E0E300E26387 /* FeedViewController.swift */,
			);
			name = Controller;
			sourceTree = "<group>";
		};
		DB3F229D1F3262EE00E26387 /* View */ = {
			isa = PBXGroup;
			children = (
				DB3F229F1F3281A400E26387 /* ViewManager.swift */,
				DB3F22A31F329AE900E26387 /* ButtonManager.swift */,
				DB3F22A51F329E2B00E26387 /* TextFieldManager.swift */,
				DB3F22AF1F33F78600E26387 /* ImageManager.swift */,
			);
			name = View;
			sourceTree = "<group>";
		};
		DB3F229E1F3262F500E26387 /* Model */ = {
			isa = PBXGroup;
			children = (
				DB3F22A11F32838400E26387 /* Constants.swift */,
			);
			name = Model;
			sourceTree = "<group>";
		};
/* End PBXGroup section */

/* Begin PBXNativeTarget section */
		DB3F22841F3260DE00E26387 /* SocialApp */ = {
			isa = PBXNativeTarget;
			buildConfigurationList = DB3F22971F3260DE00E26387 /* Build configuration list for PBXNativeTarget "SocialApp" */;
			buildPhases = (
				4240C3ABD9FA570CA722AB16 /* [CP] Check Pods Manifest.lock */,
				DB3F22811F3260DE00E26387 /* Sources */,
				DB3F22821F3260DE00E26387 /* Frameworks */,
				DB3F22831F3260DE00E26387 /* Resources */,
				001AB8BEB80007E00BA2BBE0 /* [CP] Embed Pods Frameworks */,
				427E211B7247871B2FF90D3F /* [CP] Copy Pods Resources */,
			);
			buildRules = (
			);
			dependencies = (
			);
			name = SocialApp;
			productName = SocialApp;
			productReference = DB3F22851F3260DE00E26387 /* SocialApp.app */;
			productType = "com.apple.product-type.application";
		};
/* End PBXNativeTarget section */

/* Begin PBXProject section */
		DB3F227D1F3260DE00E26387 /* Project object */ = {
			isa = PBXProject;
			attributes = {
				LastSwiftUpdateCheck = 0830;
				LastUpgradeCheck = 0830;
				ORGANIZATIONNAME = "Pragun Sharma";
				TargetAttributes = {
					DB3F22841F3260DE00E26387 = {
						CreatedOnToolsVersion = 8.3.3;
						DevelopmentTeam = 8LP7F4D4WS;
						ProvisioningStyle = Automatic;
					};
				};
			};
			buildConfigurationList = DB3F22801F3260DE00E26387 /* Build configuration list for PBXProject "SocialApp" */;
			compatibilityVersion = "Xcode 3.2";
			developmentRegion = English;
			hasScannedForEncodings = 0;
			knownRegions = (
				en,
				Base,
			);
			mainGroup = DB3F227C1F3260DE00E26387;
			productRefGroup = DB3F22861F3260DE00E26387 /* Products */;
			projectDirPath = "";
			projectRoot = "";
			targets = (
				DB3F22841F3260DE00E26387 /* SocialApp */,
			);
		};
/* End PBXProject section */

/* Begin PBXResourcesBuildPhase section */
		DB3F22831F3260DE00E26387 /* Resources */ = {
			isa = PBXResourcesBuildPhase;
			buildActionMask = 2147483647;
			files = (
				DB3F22931F3260DE00E26387 /* LaunchScreen.storyboard in Resources */,
				DB3F22AC1F32CCC100E26387 /* GoogleService-Info.plist in Resources */,
				DB3F22901F3260DE00E26387 /* Assets.xcassets in Resources */,
				DB3F228E1F3260DE00E26387 /* Main.storyboard in Resources */,
			);
			runOnlyForDeploymentPostprocessing = 0;
		};
/* End PBXResourcesBuildPhase section */

/* Begin PBXShellScriptBuildPhase section */
		001AB8BEB80007E00BA2BBE0 /* [CP] Embed Pods Frameworks */ = {
			isa = PBXShellScriptBuildPhase;
			buildActionMask = 2147483647;
			files = (
			);
			inputPaths = (
			);
			name = "[CP] Embed Pods Frameworks";
			outputPaths = (
			);
			runOnlyForDeploymentPostprocessing = 0;
			shellPath = /bin/sh;
			shellScript = "\"${SRCROOT}/Pods/Target Support Files/Pods-SocialApp/Pods-SocialApp-frameworks.sh\"\n";
			showEnvVarsInLog = 0;
		};
		4240C3ABD9FA570CA722AB16 /* [CP] Check Pods Manifest.lock */ = {
			isa = PBXShellScriptBuildPhase;
			buildActionMask = 2147483647;
			files = (
			);
			inputPaths = (
			);
			name = "[CP] Check Pods Manifest.lock";
			outputPaths = (
			);
			runOnlyForDeploymentPostprocessing = 0;
			shellPath = /bin/sh;
			shellScript = "diff \"${PODS_PODFILE_DIR_PATH}/Podfile.lock\" \"${PODS_ROOT}/Manifest.lock\" > /dev/null\nif [ $? != 0 ] ; then\n    # print error to STDERR\n    echo \"error: The sandbox is not in sync with the Podfile.lock. Run 'pod install' or update your CocoaPods installation.\" >&2\n    exit 1\nfi\n";
			showEnvVarsInLog = 0;
		};
		427E211B7247871B2FF90D3F /* [CP] Copy Pods Resources */ = {
			isa = PBXShellScriptBuildPhase;
			buildActionMask = 2147483647;
			files = (
			);
			inputPaths = (
			);
			name = "[CP] Copy Pods Resources";
			outputPaths = (
			);
			runOnlyForDeploymentPostprocessing = 0;
			shellPath = /bin/sh;
			shellScript = "\"${SRCROOT}/Pods/Target Support Files/Pods-SocialApp/Pods-SocialApp-resources.sh\"\n";
			showEnvVarsInLog = 0;
		};
/* End PBXShellScriptBuildPhase section */

/* Begin PBXSourcesBuildPhase section */
		DB3F22811F3260DE00E26387 /* Sources */ = {
			isa = PBXSourcesBuildPhase;
			buildActionMask = 2147483647;
			files = (
				DB3F22A01F3281A400E26387 /* ViewManager.swift in Sources */,
				DB3F22A41F329AE900E26387 /* ButtonManager.swift in Sources */,
				DB3F228B1F3260DE00E26387 /* SignInViewController.swift in Sources */,
				DB3F22B01F33F78600E26387 /* ImageManager.swift in Sources */,
				DB3F22891F3260DE00E26387 /* AppDelegate.swift in Sources */,
				DB3F22A21F32838400E26387 /* Constants.swift in Sources */,
				DB3F22A61F329E2B00E26387 /* TextFieldManager.swift in Sources */,
				DB3F22AE1F33E0E300E26387 /* FeedViewController.swift in Sources */,
			);
			runOnlyForDeploymentPostprocessing = 0;
		};
/* End PBXSourcesBuildPhase section */

/* Begin PBXVariantGroup section */
		DB3F228C1F3260DE00E26387 /* Main.storyboard */ = {
			isa = PBXVariantGroup;
			children = (
				DB3F228D1F3260DE00E26387 /* Base */,
			);
			name = Main.storyboard;
			sourceTree = "<group>";
		};
		DB3F22911F3260DE00E26387 /* LaunchScreen.storyboard */ = {
			isa = PBXVariantGroup;
			children = (
				DB3F22921F3260DE00E26387 /* Base */,
			);
			name = LaunchScreen.storyboard;
			sourceTree = "<group>";
		};
/* End PBXVariantGroup section */

/* Begin XCBuildConfiguration section */
		DB3F22951F3260DE00E26387 /* Debug */ = {
			isa = XCBuildConfiguration;
			buildSettings = {
				ALWAYS_SEARCH_USER_PATHS = NO;
				CLANG_ANALYZER_NONNULL = YES;
				CLANG_ANALYZER_NUMBER_OBJECT_CONVERSION = YES_AGGRESSIVE;
				CLANG_CXX_LANGUAGE_STANDARD = "gnu++0x";
				CLANG_CXX_LIBRARY = "libc++";
				CLANG_ENABLE_MODULES = YES;
				CLANG_ENABLE_OBJC_ARC = YES;
				CLANG_WARN_BOOL_CONVERSION = YES;
				CLANG_WARN_CONSTANT_CONVERSION = YES;
				CLANG_WARN_DIRECT_OBJC_ISA_USAGE = YES_ERROR;
				CLANG_WARN_DOCUMENTATION_COMMENTS = YES;
				CLANG_WARN_EMPTY_BODY = YES;
				CLANG_WARN_ENUM_CONVERSION = YES;
				CLANG_WARN_INFINITE_RECURSION = YES;
				CLANG_WARN_INT_CONVERSION = YES;
				CLANG_WARN_OBJC_ROOT_CLASS = YES_ERROR;
				CLANG_WARN_SUSPICIOUS_MOVE = YES;
				CLANG_WARN_UNREACHABLE_CODE = YES;
				CLANG_WARN__DUPLICATE_METHOD_MATCH = YES;
				"CODE_SIGN_IDENTITY[sdk=iphoneos*]" = "iPhone Developer";
				COPY_PHASE_STRIP = NO;
				DEBUG_INFORMATION_FORMAT = dwarf;
				ENABLE_STRICT_OBJC_MSGSEND = YES;
				ENABLE_TESTABILITY = YES;
				GCC_C_LANGUAGE_STANDARD = gnu99;
				GCC_DYNAMIC_NO_PIC = NO;
				GCC_NO_COMMON_BLOCKS = YES;
				GCC_OPTIMIZATION_LEVEL = 0;
				GCC_PREPROCESSOR_DEFINITIONS = (
					"DEBUG=1",
					"$(inherited)",
				);
				GCC_WARN_64_TO_32_BIT_CONVERSION = YES;
				GCC_WARN_ABOUT_RETURN_TYPE = YES_ERROR;
				GCC_WARN_UNDECLARED_SELECTOR = YES;
				GCC_WARN_UNINITIALIZED_AUTOS = YES_AGGRESSIVE;
				GCC_WARN_UNUSED_FUNCTION = YES;
				GCC_WARN_UNUSED_VARIABLE = YES;
				IPHONEOS_DEPLOYMENT_TARGET = 10.3;
				MTL_ENABLE_DEBUG_INFO = YES;
				ONLY_ACTIVE_ARCH = YES;
				SDKROOT = iphoneos;
				SWIFT_ACTIVE_COMPILATION_CONDITIONS = DEBUG;
				SWIFT_OPTIMIZATION_LEVEL = "-Onone";
				TARGETED_DEVICE_FAMILY = "1,2";
			};
			name = Debug;
		};
		DB3F22961F3260DE00E26387 /* Release */ = {
			isa = XCBuildConfiguration;
			buildSettings = {
				ALWAYS_SEARCH_USER_PATHS = NO;
				CLANG_ANALYZER_NONNULL = YES;
				CLANG_ANALYZER_NUMBER_OBJECT_CONVERSION = YES_AGGRESSIVE;
				CLANG_CXX_LANGUAGE_STANDARD = "gnu++0x";
				CLANG_CXX_LIBRARY = "libc++";
				CLANG_ENABLE_MODULES = YES;
				CLANG_ENABLE_OBJC_ARC = YES;
				CLANG_WARN_BOOL_CONVERSION = YES;
				CLANG_WARN_CONSTANT_CONVERSION = YES;
				CLANG_WARN_DIRECT_OBJC_ISA_USAGE = YES_ERROR;
				CLANG_WARN_DOCUMENTATION_COMMENTS = YES;
				CLANG_WARN_EMPTY_BODY = YES;
				CLANG_WARN_ENUM_CONVERSION = YES;
				CLANG_WARN_INFINITE_RECURSION = YES;
				CLANG_WARN_INT_CONVERSION = YES;
				CLANG_WARN_OBJC_ROOT_CLASS = YES_ERROR;
				CLANG_WARN_SUSPICIOUS_MOVE = YES;
				CLANG_WARN_UNREACHABLE_CODE = YES;
				CLANG_WARN__DUPLICATE_METHOD_MATCH = YES;
				"CODE_SIGN_IDENTITY[sdk=iphoneos*]" = "iPhone Developer";
				COPY_PHASE_STRIP = NO;
				DEBUG_INFORMATION_FORMAT = "dwarf-with-dsym";
				ENABLE_NS_ASSERTIONS = NO;
				ENABLE_STRICT_OBJC_MSGSEND = YES;
				GCC_C_LANGUAGE_STANDARD = gnu99;
				GCC_NO_COMMON_BLOCKS = YES;
				GCC_WARN_64_TO_32_BIT_CONVERSION = YES;
				GCC_WARN_ABOUT_RETURN_TYPE = YES_ERROR;
				GCC_WARN_UNDECLARED_SELECTOR = YES;
				GCC_WARN_UNINITIALIZED_AUTOS = YES_AGGRESSIVE;
				GCC_WARN_UNUSED_FUNCTION = YES;
				GCC_WARN_UNUSED_VARIABLE = YES;
				IPHONEOS_DEPLOYMENT_TARGET = 10.3;
				MTL_ENABLE_DEBUG_INFO = NO;
				SDKROOT = iphoneos;
				SWIFT_OPTIMIZATION_LEVEL = "-Owholemodule";
				TARGETED_DEVICE_FAMILY = "1,2";
				VALIDATE_PRODUCT = YES;
			};
			name = Release;
		};
		DB3F22981F3260DE00E26387 /* Debug */ = {
			isa = XCBuildConfiguration;
			baseConfigurationReference = 87DD55ED37EAE7A7B3059667 /* Pods-SocialApp.debug.xcconfig */;
			buildSettings = {
				ASSETCATALOG_COMPILER_APPICON_NAME = AppIcon;
				DEVELOPMENT_TEAM = 8LP7F4D4WS;
				INFOPLIST_FILE = SocialApp/Info.plist;
				LD_RUNPATH_SEARCH_PATHS = "$(inherited) @executable_path/Frameworks";
				PRODUCT_BUNDLE_IDENTIFIER = PragunSharma.SocialApp;
				PRODUCT_NAME = "$(TARGET_NAME)";
				SWIFT_VERSION = 3.0;
			};
			name = Debug;
		};
		DB3F22991F3260DE00E26387 /* Release */ = {
			isa = XCBuildConfiguration;
			baseConfigurationReference = 223818E3FB42C068ACBC7717 /* Pods-SocialApp.release.xcconfig */;
			buildSettings = {
				ASSETCATALOG_COMPILER_APPICON_NAME = AppIcon;
				DEVELOPMENT_TEAM = 8LP7F4D4WS;
				INFOPLIST_FILE = SocialApp/Info.plist;
				LD_RUNPATH_SEARCH_PATHS = "$(inherited) @executable_path/Frameworks";
				PRODUCT_BUNDLE_IDENTIFIER = PragunSharma.SocialApp;
				PRODUCT_NAME = "$(TARGET_NAME)";
				SWIFT_VERSION = 3.0;
			};
			name = Release;
		};
/* End XCBuildConfiguration section */

/* Begin XCConfigurationList section */
		DB3F22801F3260DE00E26387 /* Build configuration list for PBXProject "SocialApp" */ = {
			isa = XCConfigurationList;
			buildConfigurations = (
				DB3F22951F3260DE00E26387 /* Debug */,
				DB3F22961F3260DE00E26387 /* Release */,
			);
			defaultConfigurationIsVisible = 0;
			defaultConfigurationName = Release;
		};
		DB3F22971F3260DE00E26387 /* Build configuration list for PBXNativeTarget "SocialApp" */ = {
			isa = XCConfigurationList;
			buildConfigurations = (
				DB3F22981F3260DE00E26387 /* Debug */,
				DB3F22991F3260DE00E26387 /* Release */,
			);
			defaultConfigurationIsVisible = 0;
			defaultConfigurationName = Release;
		};
/* End XCConfigurationList section */
	};
	rootObject = DB3F227D1F3260DE00E26387 /* Project object */;
}
